
Microsoft Visual Studio Solution File, Format Version 12.00
# Visual Studio Version 16
VisualStudioVersion = 16.0.29424.173
MinimumVisualStudioVersion = 10.0.40219.1
Project("{888888A0-9F3D-457C-B088-3A5042F75D52}") = "mysite", "mysite\mysite.pyproj", "{7A7E7837-AAA5-44AC-B8D8-1B68A709946B}"
EndProject
Global
	GlobalSection(SolutionConfigurationPlatforms) = preSolution
		Debug|Any CPU = Debug|Any CPU
		Release|Any CPU = Release|Any CPU
	EndGlobalSection
	GlobalSection(ProjectConfigurationPlatforms) = postSolution
		{7A7E7837-AAA5-44AC-B8D8-1B68A709946B}.Debug|Any CPU.ActiveCfg = Debug|Any CPU
		{7A7E7837-AAA5-44AC-B8D8-1B68A709946B}.Debug|Any CPU.Build.0 = Debug|Any CPU
		{7A7E7837-AAA5-44AC-B8D8-1B68A709946B}.Release|Any CPU.ActiveCfg = Release|Any CPU
		{7A7E7837-AAA5-44AC-B8D8-1B68A709946B}.Release|Any CPU.Build.0 = Release|Any CPU
	EndGlobalSection
	GlobalSection(SolutionProperties) = preSolution
		HideSolutionNode = FALSE
	EndGlobalSection
	GlobalSection(ExtensibilityGlobals) = postSolution
		SolutionGuid = {F4FDAFD5-2B97-430C-864A-9F15DD6744CE}
	EndGlobalSection
EndGlobal
